<?xml version="1.0" encoding="utf-8"?>
<Project ToolsVersion="4.0" xmlns="http://schemas.microsoft.com/developer/msbuild/2003">
  <ItemGroup>
    <Filter Include="Sample">
      <UniqueIdentifier>{619806f2-d57a-4a8b-bd3f-078af9a30367}</UniqueIdentifier>
    </Filter>
    <Filter Include="Plugin">
      <UniqueIdentifier>{46ec95e9-382e-4f7a-8a57-37f16a92d573}</UniqueIdentifier>
    </Filter>
  </ItemGroup>
  <ItemGroup>
    <ClCompile Include="RPC3Sample.cpp">
      <Filter>Sample</Filter>
    </ClCompile>
    <ClCompile Include="..\..\DependentExtensions\RPC3\RPC3.cpp">
      <Filter>Plugin</Filter>
    </ClCompile>
  </ItemGroup>
  <ItemGroup>
    <ClInclude Include="..\..\DependentExtensions\RPC3\RPC3.h">
      <Filter>Plugin</Filter>
    </ClInclude>
    <ClInclude Include="..\..\DependentExtensions\RPC3\RPC3_Boost.h">
      <Filter>Plugin</Filter>
    </ClInclude>
  </ItemGroup>
  <ItemGroup>
    <Text Include="readme.txt" />
  </ItemGroup>
</Project>